
Microsoft Visual Studio Solution File, Format Version 12.00
# Visual Studio Version 17
VisualStudioVersion = 17.11.35222.181
MinimumVisualStudioVersion = 10.0.40219.1
Project("{8BC9CEB8-8B4A-11D0-8D11-00A0C91BC942}") = "opdracht01", "Week1opdracht1.vcxproj", "{DD6DD56A-8C6C-46B1-A139-51D01B8604A3}"
EndProject
Project("{8BC9CEB8-8B4A-11D0-8D11-00A0C91BC942}") = "Opdracht02", "..\Opdracht2\Opdracht2.vcxproj", "{22B18C8D-E753-4351-AFC6-556A44852513}"
EndProject
Project("{8BC9CEB8-8B4A-11D0-8D11-00A0C91BC942}") = "opdracht03", "..\opdracht3\opdracht3.vcxproj", "{4E06C1C7-2420-453D-A299-499489DD795C}"
EndProject
Project("{8BC9CEB8-8B4A-11D0-8D11-00A0C91BC942}") = "Opdracht04", "..\Opdracht4\Opdracht4.vcxproj", "{783D7216-8C61-42DB-BFA6-D6FF3D7EAD98}"
EndProject
Project("{8BC9CEB8-8B4A-11D0-8D11-00A0C91BC942}") = "Opdracht05", "..\Opdracht5\Opdracht5.vcxproj", "{A9BACC3C-7895-4ED6-A735-A78B1BB9FFD2}"
EndProject
Project("{8BC9CEB8-8B4A-11D0-8D11-00A0C91BC942}") = "Opdracht06", "..\Opdracht6\Opdracht6.vcxproj", "{296F44CE-F2D9-4B36-9732-918246398138}"
EndProject
Project("{8BC9CEB8-8B4A-11D0-8D11-00A0C91BC942}") = "Opdracht07", "..\Opdracht7\Opdracht7.vcxproj", "{4E4F53F6-27F1-4508-9E38-45D1F67A524C}"
EndProject
Project("{8BC9CEB8-8B4A-11D0-8D11-00A0C91BC942}") = "Opdracht08", "..\Opdracht8\Opdracht8.vcxproj", "{C8DFC310-770A-4459-A4BA-28E64A7055E2}"
EndProject
Project("{8BC9CEB8-8B4A-11D0-8D11-00A0C91BC942}") = "Opdracht09", "..\Opdracht9\Opdracht9.vcxproj", "{9CF881DF-29FF-450C-BA9A-6957320EAEE3}"
EndProject
Project("{8BC9CEB8-8B4A-11D0-8D11-00A0C91BC942}") = "opdracht10", "..\opdracht10\opdracht10.vcxproj", "{59BD6B7F-249A-495C-8CCA-1E785F948FF5}"
EndProject
Project("{8BC9CEB8-8B4A-11D0-8D11-00A0C91BC942}") = "opdracht11", "..\opdracht11\opdracht11.vcxproj", "{D0F681D4-21D0-4E88-ABE7-27117EB313AD}"
EndProject
Project("{8BC9CEB8-8B4A-11D0-8D11-00A0C91BC942}") = "Opdracht12", "..\Opdracht12\Opdracht12.vcxproj", "{C0E8CA03-3615-4106-B03F-0E5BB00DEF5B}"
EndProject
Project("{8BC9CEB8-8B4A-11D0-8D11-00A0C91BC942}") = "Opdracht13", "..\Opdracht13\Opdracht13.vcxproj", "{E0387C0D-D02E-4B36-A301-B8C3B21FF1FA}"
EndProject
Project("{8BC9CEB8-8B4A-11D0-8D11-00A0C91BC942}") = "Opdracht14", "..\Opdracht14\Opdracht14.vcxproj", "{99580D11-70AE-4D3E-9FF8-512C9E8F6F98}"
EndProject
Global
	GlobalSection(SolutionConfigurationPlatforms) = preSolution
		Debug|x64 = Debug|x64
		Debug|x86 = Debug|x86
		Release|x64 = Release|x64
		Release|x86 = Release|x86
	EndGlobalSection
	GlobalSection(ProjectConfigurationPlatforms) = postSolution
		{DD6DD56A-8C6C-46B1-A139-51D01B8604A3}.Debug|x64.ActiveCfg = Debug|x64
		{DD6DD56A-8C6C-46B1-A139-51D01B8604A3}.Debug|x64.Build.0 = Debug|x64
		{DD6DD56A-8C6C-46B1-A139-51D01B8604A3}.Debug|x86.ActiveCfg = Debug|Win32
		{DD6DD56A-8C6C-46B1-A139-51D01B8604A3}.Debug|x86.Build.0 = Debug|Win32
		{DD6DD56A-8C6C-46B1-A139-51D01B8604A3}.Release|x64.ActiveCfg = Release|x64
		{DD6DD56A-8C6C-46B1-A139-51D01B8604A3}.Release|x64.Build.0 = Release|x64
		{DD6DD56A-8C6C-46B1-A139-51D01B8604A3}.Release|x86.ActiveCfg = Release|Win32
		{DD6DD56A-8C6C-46B1-A139-51D01B8604A3}.Release|x86.Build.0 = Release|Win32
		{22B18C8D-E753-4351-AFC6-556A44852513}.Debug|x64.ActiveCfg = Debug|x64
		{22B18C8D-E753-4351-AFC6-556A44852513}.Debug|x64.Build.0 = Debug|x64
		{22B18C8D-E753-4351-AFC6-556A44852513}.Debug|x86.ActiveCfg = Debug|Win32
		{22B18C8D-E753-4351-AFC6-556A44852513}.Debug|x86.Build.0 = Debug|Win32
		{22B18C8D-E753-4351-AFC6-556A44852513}.Release|x64.ActiveCfg = Release|x64
		{22B18C8D-E753-4351-AFC6-556A44852513}.Release|x64.Build.0 = Release|x64
		{22B18C8D-E753-4351-AFC6-556A44852513}.Release|x86.ActiveCfg = Release|Win32
		{22B18C8D-E753-4351-AFC6-556A44852513}.Release|x86.Build.0 = Release|Win32
		{4E06C1C7-2420-453D-A299-499489DD795C}.Debug|x64.ActiveCfg = Debug|x64
		{4E06C1C7-2420-453D-A299-499489DD795C}.Debug|x64.Build.0 = Debug|x64
		{4E06C1C7-2420-453D-A299-499489DD795C}.Debug|x86.ActiveCfg = Debug|Win32
		{4E06C1C7-2420-453D-A299-499489DD795C}.Debug|x86.Build.0 = Debug|Win32
		{4E06C1C7-2420-453D-A299-499489DD795C}.Release|x64.ActiveCfg = Release|x64
		{4E06C1C7-2420-453D-A299-499489DD795C}.Release|x64.Build.0 = Release|x64
		{4E06C1C7-2420-453D-A299-499489DD795C}.Release|x86.ActiveCfg = Release|Win32
		{4E06C1C7-2420-453D-A299-499489DD795C}.Release|x86.Build.0 = Release|Win32
		{783D7216-8C61-42DB-BFA6-D6FF3D7EAD98}.Debug|x64.ActiveCfg = Debug|x64
		{783D7216-8C61-42DB-BFA6-D6FF3D7EAD98}.Debug|x64.Build.0 = Debug|x64
		{783D7216-8C61-42DB-BFA6-D6FF3D7EAD98}.Debug|x86.ActiveCfg = Debug|Win32
		{783D7216-8C61-42DB-BFA6-D6FF3D7EAD98}.Debug|x86.Build.0 = Debug|Win32
		{783D7216-8C61-42DB-BFA6-D6FF3D7EAD98}.Release|x64.ActiveCfg = Release|x64
		{783D7216-8C61-42DB-BFA6-D6FF3D7EAD98}.Release|x64.Build.0 = Release|x64
		{783D7216-8C61-42DB-BFA6-D6FF3D7EAD98}.Release|x86.ActiveCfg = Release|Win32
		{783D7216-8C61-42DB-BFA6-D6FF3D7EAD98}.Release|x86.Build.0 = Release|Win32
		{A9BACC3C-7895-4ED6-A735-A78B1BB9FFD2}.Debug|x64.ActiveCfg = Debug|x64
		{A9BACC3C-7895-4ED6-A735-A78B1BB9FFD2}.Debug|x64.Build.0 = Debug|x64
		{A9BACC3C-7895-4ED6-A735-A78B1BB9FFD2}.Debug|x86.ActiveCfg = Debug|Win32
		{A9BACC3C-7895-4ED6-A735-A78B1BB9FFD2}.Debug|x86.Build.0 = Debug|Win32
		{A9BACC3C-7895-4ED6-A735-A78B1BB9FFD2}.Release|x64.ActiveCfg = Release|x64
		{A9BACC3C-7895-4ED6-A735-A78B1BB9FFD2}.Release|x64.Build.0 = Release|x64
		{A9BACC3C-7895-4ED6-A735-A78B1BB9FFD2}.Release|x86.ActiveCfg = Release|Win32
		{A9BACC3C-7895-4ED6-A735-A78B1BB9FFD2}.Release|x86.Build.0 = Release|Win32
		{296F44CE-F2D9-4B36-9732-918246398138}.Debug|x64.ActiveCfg = Debug|x64
		{296F44CE-F2D9-4B36-9732-918246398138}.Debug|x64.Build.0 = Debug|x64
		{296F44CE-F2D9-4B36-9732-918246398138}.Debug|x86.ActiveCfg = Debug|Win32
		{296F44CE-F2D9-4B36-9732-918246398138}.Debug|x86.Build.0 = Debug|Win32
		{296F44CE-F2D9-4B36-9732-918246398138}.Release|x64.ActiveCfg = Release|x64
		{296F44CE-F2D9-4B36-9732-918246398138}.Release|x64.Build.0 = Release|x64
		{296F44CE-F2D9-4B36-9732-918246398138}.Release|x86.ActiveCfg = Release|Win32
		{296F44CE-F2D9-4B36-9732-918246398138}.Release|x86.Build.0 = Release|Win32
		{4E4F53F6-27F1-4508-9E38-45D1F67A524C}.Debug|x64.ActiveCfg = Debug|x64
		{4E4F53F6-27F1-4508-9E38-45D1F67A524C}.Debug|x64.Build.0 = Debug|x64
		{4E4F53F6-27F1-4508-9E38-45D1F67A524C}.Debug|x86.ActiveCfg = Debug|Win32
		{4E4F53F6-27F1-4508-9E38-45D1F67A524C}.Debug|x86.Build.0 = Debug|Win32
		{4E4F53F6-27F1-4508-9E38-45D1F67A524C}.Release|x64.ActiveCfg = Release|x64
		{4E4F53F6-27F1-4508-9E38-45D1F67A524C}.Release|x64.Build.0 = Release|x64
		{4E4F53F6-27F1-4508-9E38-45D1F67A524C}.Release|x86.ActiveCfg = Release|Win32
		{4E4F53F6-27F1-4508-9E38-45D1F67A524C}.Release|x86.Build.0 = Release|Win32
		{C8DFC310-770A-4459-A4BA-28E64A7055E2}.Debug|x64.ActiveCfg = Debug|x64
		{C8DFC310-770A-4459-A4BA-28E64A7055E2}.Debug|x64.Build.0 = Debug|x64
		{C8DFC310-770A-4459-A4BA-28E64A7055E2}.Debug|x86.ActiveCfg = Debug|Win32
		{C8DFC310-770A-4459-A4BA-28E64A7055E2}.Debug|x86.Build.0 = Debug|Win32
		{C8DFC310-770A-4459-A4BA-28E64A7055E2}.Release|x64.ActiveCfg = Release|x64
		{C8DFC310-770A-4459-A4BA-28E64A7055E2}.Release|x64.Build.0 = Release|x64
		{C8DFC310-770A-4459-A4BA-28E64A7055E2}.Release|x86.ActiveCfg = Release|Win32
		{C8DFC310-770A-4459-A4BA-28E64A7055E2}.Release|x86.Build.0 = Release|Win32
		{9CF881DF-29FF-450C-BA9A-6957320EAEE3}.Debug|x64.ActiveCfg = Debug|x64
		{9CF881DF-29FF-450C-BA9A-6957320EAEE3}.Debug|x64.Build.0 = Debug|x64
		{9CF881DF-29FF-450C-BA9A-6957320EAEE3}.Debug|x86.ActiveCfg = Debug|Win32
		{9CF881DF-29FF-450C-BA9A-6957320EAEE3}.Debug|x86.Build.0 = Debug|Win32
		{9CF881DF-29FF-450C-BA9A-6957320EAEE3}.Release|x64.ActiveCfg = Release|x64
		{9CF881DF-29FF-450C-BA9A-6957320EAEE3}.Release|x64.Build.0 = Release|x64
		{9CF881DF-29FF-450C-BA9A-6957320EAEE3}.Release|x86.ActiveCfg = Release|Win32
		{9CF881DF-29FF-450C-BA9A-6957320EAEE3}.Release|x86.Build.0 = Release|Win32
		{59BD6B7F-249A-495C-8CCA-1E785F948FF5}.Debug|x64.ActiveCfg = Debug|x64
		{59BD6B7F-249A-495C-8CCA-1E785F948FF5}.Debug|x64.Build.0 = Debug|x64
		{59BD6B7F-249A-495C-8CCA-1E785F948FF5}.Debug|x86.ActiveCfg = Debug|Win32
		{59BD6B7F-249A-495C-8CCA-1E785F948FF5}.Debug|x86.Build.0 = Debug|Win32
		{59BD6B7F-249A-495C-8CCA-1E785F948FF5}.Release|x64.ActiveCfg = Release|x64
		{59BD6B7F-249A-495C-8CCA-1E785F948FF5}.Release|x64.Build.0 = Release|x64
		{59BD6B7F-249A-495C-8CCA-1E785F948FF5}.Release|x86.ActiveCfg = Release|Win32
		{59BD6B7F-249A-495C-8CCA-1E785F948FF5}.Release|x86.Build.0 = Release|Win32
		{D0F681D4-21D0-4E88-ABE7-27117EB313AD}.Debug|x64.ActiveCfg = Debug|x64
		{D0F681D4-21D0-4E88-ABE7-27117EB313AD}.Debug|x64.Build.0 = Debug|x64
		{D0F681D4-21D0-4E88-ABE7-27117EB313AD}.Debug|x86.ActiveCfg = Debug|Win32
		{D0F681D4-21D0-4E88-ABE7-27117EB313AD}.Debug|x86.Build.0 = Debug|Win32
		{D0F681D4-21D0-4E88-ABE7-27117EB313AD}.Release|x64.ActiveCfg = Release|x64
		{D0F681D4-21D0-4E88-ABE7-27117EB313AD}.Release|x64.Build.0 = Release|x64
		{D0F681D4-21D0-4E88-ABE7-27117EB313AD}.Release|x86.ActiveCfg = Release|Win32
		{D0F681D4-21D0-4E88-ABE7-27117EB313AD}.Release|x86.Build.0 = Release|Win32
		{C0E8CA03-3615-4106-B03F-0E5BB00DEF5B}.Debug|x64.ActiveCfg = Debug|x64
		{C0E8CA03-3615-4106-B03F-0E5BB00DEF5B}.Debug|x64.Build.0 = Debug|x64
		{C0E8CA03-3615-4106-B03F-0E5BB00DEF5B}.Debug|x86.ActiveCfg = Debug|Win32
		{C0E8CA03-3615-4106-B03F-0E5BB00DEF5B}.Debug|x86.Build.0 = Debug|Win32
		{C0E8CA03-3615-4106-B03F-0E5BB00DEF5B}.Release|x64.ActiveCfg = Release|x64
		{C0E8CA03-3615-4106-B03F-0E5BB00DEF5B}.Release|x64.Build.0 = Release|x64
		{C0E8CA03-3615-4106-B03F-0E5BB00DEF5B}.Release|x86.ActiveCfg = Release|Win32
		{C0E8CA03-3615-4106-B03F-0E5BB00DEF5B}.Release|x86.Build.0 = Release|Win32
		{E0387C0D-D02E-4B36-A301-B8C3B21FF1FA}.Debug|x64.ActiveCfg = Debug|x64
		{E0387C0D-D02E-4B36-A301-B8C3B21FF1FA}.Debug|x64.Build.0 = Debug|x64
		{E0387C0D-D02E-4B36-A301-B8C3B21FF1FA}.Debug|x86.ActiveCfg = Debug|Win32
		{E0387C0D-D02E-4B36-A301-B8C3B21FF1FA}.Debug|x86.Build.0 = Debug|Win32
		{E0387C0D-D02E-4B36-A301-B8C3B21FF1FA}.Release|x64.ActiveCfg = Release|x64
		{E0387C0D-D02E-4B36-A301-B8C3B21FF1FA}.Release|x64.Build.0 = Release|x64
		{E0387C0D-D02E-4B36-A301-B8C3B21FF1FA}.Release|x86.ActiveCfg = Release|Win32
		{E0387C0D-D02E-4B36-A301-B8C3B21FF1FA}.Release|x86.Build.0 = Release|Win32
		{99580D11-70AE-4D3E-9FF8-512C9E8F6F98}.Debug|x64.ActiveCfg = Debug|x64
		{99580D11-70AE-4D3E-9FF8-512C9E8F6F98}.Debug|x64.Build.0 = Debug|x64
		{99580D11-70AE-4D3E-9FF8-512C9E8F6F98}.Debug|x86.ActiveCfg = Debug|Win32
		{99580D11-70AE-4D3E-9FF8-512C9E8F6F98}.Debug|x86.Build.0 = Debug|Win32
		{99580D11-70AE-4D3E-9FF8-512C9E8F6F98}.Release|x64.ActiveCfg = Release|x64
		{99580D11-70AE-4D3E-9FF8-512C9E8F6F98}.Release|x64.Build.0 = Release|x64
		{99580D11-70AE-4D3E-9FF8-512C9E8F6F98}.Release|x86.ActiveCfg = Release|Win32
		{99580D11-70AE-4D3E-9FF8-512C9E8F6F98}.Release|x86.Build.0 = Release|Win32
	EndGlobalSection
	GlobalSection(SolutionProperties) = preSolution
		HideSolutionNode = FALSE
	EndGlobalSection
	GlobalSection(ExtensibilityGlobals) = postSolution
		SolutionGuid = {450D0BBF-BEBA-489F-90DA-3033D165F874}
	EndGlobalSection
EndGlobal
