
Microsoft Visual Studio Solution File, Format Version 12.00
# Visual Studio Version 17
VisualStudioVersion = 17.11.35222.181
MinimumVisualStudioVersion = 10.0.40219.1
Project("{8BC9CEB8-8B4A-11D0-8D11-00A0C91BC942}") = "Opdracht01", "Opdracht01.vcxproj", "{7BC1417A-7BA1-4E71-A0DC-71DC0FD3EE9D}"
EndProject
Project("{8BC9CEB8-8B4A-11D0-8D11-00A0C91BC942}") = "Opdracht05", "..\Opdracht05\Opdracht05.vcxproj", "{7330FADE-A592-4E08-9DB9-56984CBBEC7E}"
EndProject
Global
	GlobalSection(SolutionConfigurationPlatforms) = preSolution
		Debug|x64 = Debug|x64
		Debug|x86 = Debug|x86
		Release|x64 = Release|x64
		Release|x86 = Release|x86
	EndGlobalSection
	GlobalSection(ProjectConfigurationPlatforms) = postSolution
		{7BC1417A-7BA1-4E71-A0DC-71DC0FD3EE9D}.Debug|x64.ActiveCfg = Debug|x64
		{7BC1417A-7BA1-4E71-A0DC-71DC0FD3EE9D}.Debug|x64.Build.0 = Debug|x64
		{7BC1417A-7BA1-4E71-A0DC-71DC0FD3EE9D}.Debug|x86.ActiveCfg = Debug|Win32
		{7BC1417A-7BA1-4E71-A0DC-71DC0FD3EE9D}.Debug|x86.Build.0 = Debug|Win32
		{7BC1417A-7BA1-4E71-A0DC-71DC0FD3EE9D}.Release|x64.ActiveCfg = Release|x64
		{7BC1417A-7BA1-4E71-A0DC-71DC0FD3EE9D}.Release|x64.Build.0 = Release|x64
		{7BC1417A-7BA1-4E71-A0DC-71DC0FD3EE9D}.Release|x86.ActiveCfg = Release|Win32
		{7BC1417A-7BA1-4E71-A0DC-71DC0FD3EE9D}.Release|x86.Build.0 = Release|Win32
		{7330FADE-A592-4E08-9DB9-56984CBBEC7E}.Debug|x64.ActiveCfg = Debug|x64
		{7330FADE-A592-4E08-9DB9-56984CBBEC7E}.Debug|x64.Build.0 = Debug|x64
		{7330FADE-A592-4E08-9DB9-56984CBBEC7E}.Debug|x86.ActiveCfg = Debug|Win32
		{7330FADE-A592-4E08-9DB9-56984CBBEC7E}.Debug|x86.Build.0 = Debug|Win32
		{7330FADE-A592-4E08-9DB9-56984CBBEC7E}.Release|x64.ActiveCfg = Release|x64
		{7330FADE-A592-4E08-9DB9-56984CBBEC7E}.Release|x64.Build.0 = Release|x64
		{7330FADE-A592-4E08-9DB9-56984CBBEC7E}.Release|x86.ActiveCfg = Release|Win32
		{7330FADE-A592-4E08-9DB9-56984CBBEC7E}.Release|x86.Build.0 = Release|Win32
	EndGlobalSection
	GlobalSection(SolutionProperties) = preSolution
		HideSolutionNode = FALSE
	EndGlobalSection
	GlobalSection(ExtensibilityGlobals) = postSolution
		SolutionGuid = {EC8D92AE-65F5-4F53-BE98-9E34EBB10C0A}
	EndGlobalSection
EndGlobal
