
Microsoft Visual Studio Solution File, Format Version 12.00
# Visual Studio Version 17
VisualStudioVersion = 17.11.35222.181
MinimumVisualStudioVersion = 10.0.40219.1
Project("{8BC9CEB8-8B4A-11D0-8D11-00A0C91BC942}") = "Opdracht01", "Opdracht1.vcxproj", "{58E25936-B234-4FD5-BAE3-85EA7EBCA796}"
EndProject
Project("{8BC9CEB8-8B4A-11D0-8D11-00A0C91BC942}") = "Opdracht02", "..\Opdracht2\Opdracht2.vcxproj", "{B482CB59-C93F-4867-8B85-5F0D0E9B4A9C}"
EndProject
Project("{8BC9CEB8-8B4A-11D0-8D11-00A0C91BC942}") = "Opdracht03", "..\Opdracht3\Opdracht3.vcxproj", "{8E10ACC4-0AB9-4FB8-9F4B-3C2CC1F946C4}"
EndProject
Project("{8BC9CEB8-8B4A-11D0-8D11-00A0C91BC942}") = "Opdracht04", "..\Opdracht4\Opdracht4.vcxproj", "{85893780-AA60-4893-9E47-F0DC817E8ADD}"
EndProject
Project("{8BC9CEB8-8B4A-11D0-8D11-00A0C91BC942}") = "Opdracht05", "..\Opdracht5\Opdracht5.vcxproj", "{8B31DAEF-02B7-414A-B5C5-3CFA6249BEED}"
EndProject
Project("{8BC9CEB8-8B4A-11D0-8D11-00A0C91BC942}") = "Opdracht06", "..\Opdracht6\Opdracht6.vcxproj", "{1527CA5C-4245-422F-9694-575B36DA0C50}"
EndProject
Project("{8BC9CEB8-8B4A-11D0-8D11-00A0C91BC942}") = "Opdracht07", "..\Opdracht7\Opdracht7.vcxproj", "{D3B527C3-45BA-4C2F-83D7-6FD11E9DE1DB}"
EndProject
Project("{8BC9CEB8-8B4A-11D0-8D11-00A0C91BC942}") = "Opdracht08", "..\Opdracht8\Opdracht8.vcxproj", "{F0ADA635-5164-45E3-AAAF-264E26AF869A}"
EndProject
Project("{8BC9CEB8-8B4A-11D0-8D11-00A0C91BC942}") = "Opdracht09", "..\Opdracht9\Opdracht9.vcxproj", "{4C72403C-21B1-4911-9C94-3F9E9374BC8D}"
EndProject
Project("{8BC9CEB8-8B4A-11D0-8D11-00A0C91BC942}") = "Opdracht10", "..\Opdracht10\Opdracht10.vcxproj", "{57BD9DD3-E9E4-4210-B154-7CAE5E41B7D4}"
EndProject
Project("{8BC9CEB8-8B4A-11D0-8D11-00A0C91BC942}") = "Opdracht11", "..\Opdracht11\Opdracht11.vcxproj", "{0032927B-05A5-4455-9E84-EA57C5E824FD}"
EndProject
Project("{8BC9CEB8-8B4A-11D0-8D11-00A0C91BC942}") = "Opdracht12", "..\Opdracht12\Opdracht12.vcxproj", "{312E3112-5DDF-4DFB-8710-5B233F17F251}"
EndProject
Global
	GlobalSection(SolutionConfigurationPlatforms) = preSolution
		Debug|x64 = Debug|x64
		Debug|x86 = Debug|x86
		Release|x64 = Release|x64
		Release|x86 = Release|x86
	EndGlobalSection
	GlobalSection(ProjectConfigurationPlatforms) = postSolution
		{58E25936-B234-4FD5-BAE3-85EA7EBCA796}.Debug|x64.ActiveCfg = Debug|x64
		{58E25936-B234-4FD5-BAE3-85EA7EBCA796}.Debug|x64.Build.0 = Debug|x64
		{58E25936-B234-4FD5-BAE3-85EA7EBCA796}.Debug|x86.ActiveCfg = Debug|Win32
		{58E25936-B234-4FD5-BAE3-85EA7EBCA796}.Debug|x86.Build.0 = Debug|Win32
		{58E25936-B234-4FD5-BAE3-85EA7EBCA796}.Release|x64.ActiveCfg = Release|x64
		{58E25936-B234-4FD5-BAE3-85EA7EBCA796}.Release|x64.Build.0 = Release|x64
		{58E25936-B234-4FD5-BAE3-85EA7EBCA796}.Release|x86.ActiveCfg = Release|Win32
		{58E25936-B234-4FD5-BAE3-85EA7EBCA796}.Release|x86.Build.0 = Release|Win32
		{B482CB59-C93F-4867-8B85-5F0D0E9B4A9C}.Debug|x64.ActiveCfg = Debug|x64
		{B482CB59-C93F-4867-8B85-5F0D0E9B4A9C}.Debug|x64.Build.0 = Debug|x64
		{B482CB59-C93F-4867-8B85-5F0D0E9B4A9C}.Debug|x86.ActiveCfg = Debug|Win32
		{B482CB59-C93F-4867-8B85-5F0D0E9B4A9C}.Debug|x86.Build.0 = Debug|Win32
		{B482CB59-C93F-4867-8B85-5F0D0E9B4A9C}.Release|x64.ActiveCfg = Release|x64
		{B482CB59-C93F-4867-8B85-5F0D0E9B4A9C}.Release|x64.Build.0 = Release|x64
		{B482CB59-C93F-4867-8B85-5F0D0E9B4A9C}.Release|x86.ActiveCfg = Release|Win32
		{B482CB59-C93F-4867-8B85-5F0D0E9B4A9C}.Release|x86.Build.0 = Release|Win32
		{8E10ACC4-0AB9-4FB8-9F4B-3C2CC1F946C4}.Debug|x64.ActiveCfg = Debug|x64
		{8E10ACC4-0AB9-4FB8-9F4B-3C2CC1F946C4}.Debug|x64.Build.0 = Debug|x64
		{8E10ACC4-0AB9-4FB8-9F4B-3C2CC1F946C4}.Debug|x86.ActiveCfg = Debug|Win32
		{8E10ACC4-0AB9-4FB8-9F4B-3C2CC1F946C4}.Debug|x86.Build.0 = Debug|Win32
		{8E10ACC4-0AB9-4FB8-9F4B-3C2CC1F946C4}.Release|x64.ActiveCfg = Release|x64
		{8E10ACC4-0AB9-4FB8-9F4B-3C2CC1F946C4}.Release|x64.Build.0 = Release|x64
		{8E10ACC4-0AB9-4FB8-9F4B-3C2CC1F946C4}.Release|x86.ActiveCfg = Release|Win32
		{8E10ACC4-0AB9-4FB8-9F4B-3C2CC1F946C4}.Release|x86.Build.0 = Release|Win32
		{85893780-AA60-4893-9E47-F0DC817E8ADD}.Debug|x64.ActiveCfg = Debug|x64
		{85893780-AA60-4893-9E47-F0DC817E8ADD}.Debug|x64.Build.0 = Debug|x64
		{85893780-AA60-4893-9E47-F0DC817E8ADD}.Debug|x86.ActiveCfg = Debug|Win32
		{85893780-AA60-4893-9E47-F0DC817E8ADD}.Debug|x86.Build.0 = Debug|Win32
		{85893780-AA60-4893-9E47-F0DC817E8ADD}.Release|x64.ActiveCfg = Release|x64
		{85893780-AA60-4893-9E47-F0DC817E8ADD}.Release|x64.Build.0 = Release|x64
		{85893780-AA60-4893-9E47-F0DC817E8ADD}.Release|x86.ActiveCfg = Release|Win32
		{85893780-AA60-4893-9E47-F0DC817E8ADD}.Release|x86.Build.0 = Release|Win32
		{8B31DAEF-02B7-414A-B5C5-3CFA6249BEED}.Debug|x64.ActiveCfg = Debug|x64
		{8B31DAEF-02B7-414A-B5C5-3CFA6249BEED}.Debug|x64.Build.0 = Debug|x64
		{8B31DAEF-02B7-414A-B5C5-3CFA6249BEED}.Debug|x86.ActiveCfg = Debug|Win32
		{8B31DAEF-02B7-414A-B5C5-3CFA6249BEED}.Debug|x86.Build.0 = Debug|Win32
		{8B31DAEF-02B7-414A-B5C5-3CFA6249BEED}.Release|x64.ActiveCfg = Release|x64
		{8B31DAEF-02B7-414A-B5C5-3CFA6249BEED}.Release|x64.Build.0 = Release|x64
		{8B31DAEF-02B7-414A-B5C5-3CFA6249BEED}.Release|x86.ActiveCfg = Release|Win32
		{8B31DAEF-02B7-414A-B5C5-3CFA6249BEED}.Release|x86.Build.0 = Release|Win32
		{1527CA5C-4245-422F-9694-575B36DA0C50}.Debug|x64.ActiveCfg = Debug|x64
		{1527CA5C-4245-422F-9694-575B36DA0C50}.Debug|x64.Build.0 = Debug|x64
		{1527CA5C-4245-422F-9694-575B36DA0C50}.Debug|x86.ActiveCfg = Debug|Win32
		{1527CA5C-4245-422F-9694-575B36DA0C50}.Debug|x86.Build.0 = Debug|Win32
		{1527CA5C-4245-422F-9694-575B36DA0C50}.Release|x64.ActiveCfg = Release|x64
		{1527CA5C-4245-422F-9694-575B36DA0C50}.Release|x64.Build.0 = Release|x64
		{1527CA5C-4245-422F-9694-575B36DA0C50}.Release|x86.ActiveCfg = Release|Win32
		{1527CA5C-4245-422F-9694-575B36DA0C50}.Release|x86.Build.0 = Release|Win32
		{D3B527C3-45BA-4C2F-83D7-6FD11E9DE1DB}.Debug|x64.ActiveCfg = Debug|x64
		{D3B527C3-45BA-4C2F-83D7-6FD11E9DE1DB}.Debug|x64.Build.0 = Debug|x64
		{D3B527C3-45BA-4C2F-83D7-6FD11E9DE1DB}.Debug|x86.ActiveCfg = Debug|Win32
		{D3B527C3-45BA-4C2F-83D7-6FD11E9DE1DB}.Debug|x86.Build.0 = Debug|Win32
		{D3B527C3-45BA-4C2F-83D7-6FD11E9DE1DB}.Release|x64.ActiveCfg = Release|x64
		{D3B527C3-45BA-4C2F-83D7-6FD11E9DE1DB}.Release|x64.Build.0 = Release|x64
		{D3B527C3-45BA-4C2F-83D7-6FD11E9DE1DB}.Release|x86.ActiveCfg = Release|Win32
		{D3B527C3-45BA-4C2F-83D7-6FD11E9DE1DB}.Release|x86.Build.0 = Release|Win32
		{F0ADA635-5164-45E3-AAAF-264E26AF869A}.Debug|x64.ActiveCfg = Debug|x64
		{F0ADA635-5164-45E3-AAAF-264E26AF869A}.Debug|x64.Build.0 = Debug|x64
		{F0ADA635-5164-45E3-AAAF-264E26AF869A}.Debug|x86.ActiveCfg = Debug|Win32
		{F0ADA635-5164-45E3-AAAF-264E26AF869A}.Debug|x86.Build.0 = Debug|Win32
		{F0ADA635-5164-45E3-AAAF-264E26AF869A}.Release|x64.ActiveCfg = Release|x64
		{F0ADA635-5164-45E3-AAAF-264E26AF869A}.Release|x64.Build.0 = Release|x64
		{F0ADA635-5164-45E3-AAAF-264E26AF869A}.Release|x86.ActiveCfg = Release|Win32
		{F0ADA635-5164-45E3-AAAF-264E26AF869A}.Release|x86.Build.0 = Release|Win32
		{4C72403C-21B1-4911-9C94-3F9E9374BC8D}.Debug|x64.ActiveCfg = Debug|x64
		{4C72403C-21B1-4911-9C94-3F9E9374BC8D}.Debug|x64.Build.0 = Debug|x64
		{4C72403C-21B1-4911-9C94-3F9E9374BC8D}.Debug|x86.ActiveCfg = Debug|Win32
		{4C72403C-21B1-4911-9C94-3F9E9374BC8D}.Debug|x86.Build.0 = Debug|Win32
		{4C72403C-21B1-4911-9C94-3F9E9374BC8D}.Release|x64.ActiveCfg = Release|x64
		{4C72403C-21B1-4911-9C94-3F9E9374BC8D}.Release|x64.Build.0 = Release|x64
		{4C72403C-21B1-4911-9C94-3F9E9374BC8D}.Release|x86.ActiveCfg = Release|Win32
		{4C72403C-21B1-4911-9C94-3F9E9374BC8D}.Release|x86.Build.0 = Release|Win32
		{57BD9DD3-E9E4-4210-B154-7CAE5E41B7D4}.Debug|x64.ActiveCfg = Debug|x64
		{57BD9DD3-E9E4-4210-B154-7CAE5E41B7D4}.Debug|x64.Build.0 = Debug|x64
		{57BD9DD3-E9E4-4210-B154-7CAE5E41B7D4}.Debug|x86.ActiveCfg = Debug|Win32
		{57BD9DD3-E9E4-4210-B154-7CAE5E41B7D4}.Debug|x86.Build.0 = Debug|Win32
		{57BD9DD3-E9E4-4210-B154-7CAE5E41B7D4}.Release|x64.ActiveCfg = Release|x64
		{57BD9DD3-E9E4-4210-B154-7CAE5E41B7D4}.Release|x64.Build.0 = Release|x64
		{57BD9DD3-E9E4-4210-B154-7CAE5E41B7D4}.Release|x86.ActiveCfg = Release|Win32
		{57BD9DD3-E9E4-4210-B154-7CAE5E41B7D4}.Release|x86.Build.0 = Release|Win32
		{0032927B-05A5-4455-9E84-EA57C5E824FD}.Debug|x64.ActiveCfg = Debug|x64
		{0032927B-05A5-4455-9E84-EA57C5E824FD}.Debug|x64.Build.0 = Debug|x64
		{0032927B-05A5-4455-9E84-EA57C5E824FD}.Debug|x86.ActiveCfg = Debug|Win32
		{0032927B-05A5-4455-9E84-EA57C5E824FD}.Debug|x86.Build.0 = Debug|Win32
		{0032927B-05A5-4455-9E84-EA57C5E824FD}.Release|x64.ActiveCfg = Release|x64
		{0032927B-05A5-4455-9E84-EA57C5E824FD}.Release|x64.Build.0 = Release|x64
		{0032927B-05A5-4455-9E84-EA57C5E824FD}.Release|x86.ActiveCfg = Release|Win32
		{0032927B-05A5-4455-9E84-EA57C5E824FD}.Release|x86.Build.0 = Release|Win32
		{312E3112-5DDF-4DFB-8710-5B233F17F251}.Debug|x64.ActiveCfg = Debug|x64
		{312E3112-5DDF-4DFB-8710-5B233F17F251}.Debug|x64.Build.0 = Debug|x64
		{312E3112-5DDF-4DFB-8710-5B233F17F251}.Debug|x86.ActiveCfg = Debug|Win32
		{312E3112-5DDF-4DFB-8710-5B233F17F251}.Debug|x86.Build.0 = Debug|Win32
		{312E3112-5DDF-4DFB-8710-5B233F17F251}.Release|x64.ActiveCfg = Release|x64
		{312E3112-5DDF-4DFB-8710-5B233F17F251}.Release|x64.Build.0 = Release|x64
		{312E3112-5DDF-4DFB-8710-5B233F17F251}.Release|x86.ActiveCfg = Release|Win32
		{312E3112-5DDF-4DFB-8710-5B233F17F251}.Release|x86.Build.0 = Release|Win32
	EndGlobalSection
	GlobalSection(SolutionProperties) = preSolution
		HideSolutionNode = FALSE
	EndGlobalSection
	GlobalSection(ExtensibilityGlobals) = postSolution
		SolutionGuid = {79FFC693-F69A-424C-A684-25127388D56E}
	EndGlobalSection
EndGlobal
